
Microsoft Visual Studio Solution File, Format Version 12.00
# Visual Studio Version 17
VisualStudioVersion = 17.11.35431.28
MinimumVisualStudioVersion = 10.0.40219.1
Project("{FAE04EC0-301F-11D3-BF4B-00C04F79EFBC}") = "WebApplication1", "WebApplication1.csproj", "{37A2B616-F7B0-4BDA-A910-D546BA4E8EB0}"
EndProject
Global
	GlobalSection(SolutionConfigurationPlatforms) = preSolution
		Debug|Any CPU = Debug|Any CPU
		Release|Any CPU = Release|Any CPU
	EndGlobalSection
	GlobalSection(ProjectConfigurationPlatforms) = postSolution
		{37A2B616-F7B0-4BDA-A910-D546BA4E8EB0}.Debug|Any CPU.ActiveCfg = Debug|Any CPU
		{37A2B616-F7B0-4BDA-A910-D546BA4E8EB0}.Debug|Any CPU.Build.0 = Debug|Any CPU
		{37A2B616-F7B0-4BDA-A910-D546BA4E8EB0}.Release|Any CPU.ActiveCfg = Release|Any CPU
		{37A2B616-F7B0-4BDA-A910-D546BA4E8EB0}.Release|Any CPU.Build.0 = Release|Any CPU
	EndGlobalSection
	GlobalSection(SolutionProperties) = preSolution
		HideSolutionNode = FALSE
	EndGlobalSection
	GlobalSection(ExtensibilityGlobals) = postSolution
		SolutionGuid = {941DE262-BE3C-4F94-AECA-4B91C812D00E}
	EndGlobalSection
EndGlobal
